// !$*UTF8*$!
{
	archiveVersion = 1;
	classes = {
	};
	objectVersion = 48;
	objects = {

/* Begin PBXBuildFile section */
		2A5AB25ABBD32D867F270E6F /* Pods_SkillUP_15_Chat.framework in Frameworks */ = {isa = PBXBuildFile; fileRef = BD43CF3E333E9457C3846A28 /* Pods_SkillUP_15_Chat.framework */; };
		7309F8DC2037B82300F70D96 /* AppDelegate.swift in Sources */ = {isa = PBXBuildFile; fileRef = 7309F8DB2037B82300F70D96 /* AppDelegate.swift */; };
		7309F8E32037B82300F70D96 /* Assets.xcassets in Resources */ = {isa = PBXBuildFile; fileRef = 7309F8E22037B82300F70D96 /* Assets.xcassets */; };
		7309F8E62037B82300F70D96 /* LaunchScreen.storyboard in Resources */ = {isa = PBXBuildFile; fileRef = 7309F8E42037B82300F70D96 /* LaunchScreen.storyboard */; };
		7309F8F12037B82300F70D96 /* SkillUP_15_ChatTests.swift in Sources */ = {isa = PBXBuildFile; fileRef = 7309F8F02037B82300F70D96 /* SkillUP_15_ChatTests.swift */; };
		7309F9012037BD0C00F70D96 /* MessageListViewController.swift in Sources */ = {isa = PBXBuildFile; fileRef = 7309F9002037BD0C00F70D96 /* MessageListViewController.swift */; };
		7309F9052037BDA500F70D96 /* MessageListViewController.storyboard in Resources */ = {isa = PBXBuildFile; fileRef = 7309F9042037BDA500F70D96 /* MessageListViewController.storyboard */; };
		7309F9072037BDE800F70D96 /* MessageDao.swift in Sources */ = {isa = PBXBuildFile; fileRef = 7309F9062037BDE800F70D96 /* MessageDao.swift */; };
		7309F9092037BE1900F70D96 /* Message.swift in Sources */ = {isa = PBXBuildFile; fileRef = 7309F9082037BE1900F70D96 /* Message.swift */; };
		7309F90D2037BE8300F70D96 /* UIView+Border.swift in Sources */ = {isa = PBXBuildFile; fileRef = 7309F90C2037BE8300F70D96 /* UIView+Border.swift */; };
		7309F90F2037BE9B00F70D96 /* UITableView+TouchEvent.swift in Sources */ = {isa = PBXBuildFile; fileRef = 7309F90E2037BE9B00F70D96 /* UITableView+TouchEvent.swift */; };
		7309F9152037BEE500F70D96 /* Date+Now.swift in Sources */ = {isa = PBXBuildFile; fileRef = 7309F9142037BEE500F70D96 /* Date+Now.swift */; };
		7309F9172037BF0500F70D96 /* Date+ToString.swift in Sources */ = {isa = PBXBuildFile; fileRef = 7309F9162037BF0500F70D96 /* Date+ToString.swift */; };
		7309F9192037BF2D00F70D96 /* RealmDaoHelper.swift in Sources */ = {isa = PBXBuildFile; fileRef = 7309F9182037BF2D00F70D96 /* RealmDaoHelper.swift */; };
		7309F91B2037BF6600F70D96 /* LabelEdgeInsets.swift in Sources */ = {isa = PBXBuildFile; fileRef = 7309F91A2037BF6600F70D96 /* LabelEdgeInsets.swift */; };
		7309F91D2037BFA700F70D96 /* MessageCell.swift in Sources */ = {isa = PBXBuildFile; fileRef = 7309F91C2037BFA700F70D96 /* MessageCell.swift */; };
		7309F91F2037BFD900F70D96 /* MessageListProvider.swift in Sources */ = {isa = PBXBuildFile; fileRef = 7309F91E2037BFD900F70D96 /* MessageListProvider.swift */; };
		7309F9212037C0EC00F70D96 /* UIViewController+Notification.swift in Sources */ = {isa = PBXBuildFile; fileRef = 7309F9202037C0EC00F70D96 /* UIViewController+Notification.swift */; };
		7309F9232037C7FB00F70D96 /* UITableView+Scroll.swift in Sources */ = {isa = PBXBuildFile; fileRef = 7309F9222037C7FB00F70D96 /* UITableView+Scroll.swift */; };
		7309F9262037D0AA00F70D96 /* MessageDaoTests.swift in Sources */ = {isa = PBXBuildFile; fileRef = 7309F9252037D0AA00F70D96 /* MessageDaoTests.swift */; };
		EE2F50050C7CE46A4859C040 /* Pods_SkillUP_15_ChatTests.framework in Frameworks */ = {isa = PBXBuildFile; fileRef = D1E2762395903B32FEC46955 /* Pods_SkillUP_15_ChatTests.framework */; };
/* End PBXBuildFile section */

/* Begin PBXContainerItemProxy section */
		7309F8ED2037B82300F70D96 /* PBXContainerItemProxy */ = {
			isa = PBXContainerItemProxy;
			containerPortal = 7309F8D02037B82300F70D96 /* Project object */;
			proxyType = 1;
			remoteGlobalIDString = 7309F8D72037B82300F70D96;
			remoteInfo = SkillUP_15_Chat;
		};
/* End PBXContainerItemProxy section */

/* Begin PBXFileReference section */
		0E72EDD57D63609247E68A02 /* Pods-SkillUP_15_ChatTests.release.xcconfig */ = {isa = PBXFileReference; includeInIndex = 1; lastKnownFileType = text.xcconfig; name = "Pods-SkillUP_15_ChatTests.release.xcconfig"; path = "Pods/Target Support Files/Pods-SkillUP_15_ChatTests/Pods-SkillUP_15_ChatTests.release.xcconfig"; sourceTree = "<group>"; };
		3EA6CB442ABAF6CE862D4F2E /* Pods-SkillUP_15_Chat.debug.xcconfig */ = {isa = PBXFileReference; includeInIndex = 1; lastKnownFileType = text.xcconfig; name = "Pods-SkillUP_15_Chat.debug.xcconfig"; path = "Pods/Target Support Files/Pods-SkillUP_15_Chat/Pods-SkillUP_15_Chat.debug.xcconfig"; sourceTree = "<group>"; };
		7309F8D82037B82300F70D96 /* SkillUP_15_Chat.app */ = {isa = PBXFileReference; explicitFileType = wrapper.application; includeInIndex = 0; path = SkillUP_15_Chat.app; sourceTree = BUILT_PRODUCTS_DIR; };
		7309F8DB2037B82300F70D96 /* AppDelegate.swift */ = {isa = PBXFileReference; lastKnownFileType = sourcecode.swift; path = AppDelegate.swift; sourceTree = "<group>"; };
		7309F8E22037B82300F70D96 /* Assets.xcassets */ = {isa = PBXFileReference; lastKnownFileType = folder.assetcatalog; path = Assets.xcassets; sourceTree = "<group>"; };
		7309F8E52037B82300F70D96 /* Base */ = {isa = PBXFileReference; lastKnownFileType = file.storyboard; name = Base; path = Base.lproj/LaunchScreen.storyboard; sourceTree = "<group>"; };
		7309F8E72037B82300F70D96 /* Info.plist */ = {isa = PBXFileReference; lastKnownFileType = text.plist.xml; path = Info.plist; sourceTree = "<group>"; };
		7309F8EC2037B82300F70D96 /* SkillUP_15_ChatTests.xctest */ = {isa = PBXFileReference; explicitFileType = wrapper.cfbundle; includeInIndex = 0; path = SkillUP_15_ChatTests.xctest; sourceTree = BUILT_PRODUCTS_DIR; };
		7309F8F02037B82300F70D96 /* SkillUP_15_ChatTests.swift */ = {isa = PBXFileReference; lastKnownFileType = sourcecode.swift; path = SkillUP_15_ChatTests.swift; sourceTree = "<group>"; };
		7309F8F22037B82300F70D96 /* Info.plist */ = {isa = PBXFileReference; lastKnownFileType = text.plist.xml; path = Info.plist; sourceTree = "<group>"; };
		7309F9002037BD0C00F70D96 /* MessageListViewController.swift */ = {isa = PBXFileReference; lastKnownFileType = sourcecode.swift; path = MessageListViewController.swift; sourceTree = "<group>"; };
		7309F9042037BDA500F70D96 /* MessageListViewController.storyboard */ = {isa = PBXFileReference; lastKnownFileType = file.storyboard; path = MessageListViewController.storyboard; sourceTree = "<group>"; };
		7309F9062037BDE800F70D96 /* MessageDao.swift */ = {isa = PBXFileReference; lastKnownFileType = sourcecode.swift; path = MessageDao.swift; sourceTree = "<group>"; };
		7309F9082037BE1900F70D96 /* Message.swift */ = {isa = PBXFileReference; lastKnownFileType = sourcecode.swift; path = Message.swift; sourceTree = "<group>"; };
		7309F90C2037BE8300F70D96 /* UIView+Border.swift */ = {isa = PBXFileReference; lastKnownFileType = sourcecode.swift; path = "UIView+Border.swift"; sourceTree = "<group>"; };
		7309F90E2037BE9B00F70D96 /* UITableView+TouchEvent.swift */ = {isa = PBXFileReference; lastKnownFileType = sourcecode.swift; path = "UITableView+TouchEvent.swift"; sourceTree = "<group>"; };
		7309F9142037BEE500F70D96 /* Date+Now.swift */ = {isa = PBXFileReference; lastKnownFileType = sourcecode.swift; path = "Date+Now.swift"; sourceTree = "<group>"; };
		7309F9162037BF0500F70D96 /* Date+ToString.swift */ = {isa = PBXFileReference; lastKnownFileType = sourcecode.swift; path = "Date+ToString.swift"; sourceTree = "<group>"; };
		7309F9182037BF2D00F70D96 /* RealmDaoHelper.swift */ = {isa = PBXFileReference; lastKnownFileType = sourcecode.swift; path = RealmDaoHelper.swift; sourceTree = "<group>"; };
		7309F91A2037BF6600F70D96 /* LabelEdgeInsets.swift */ = {isa = PBXFileReference; lastKnownFileType = sourcecode.swift; path = LabelEdgeInsets.swift; sourceTree = "<group>"; };
		7309F91C2037BFA700F70D96 /* MessageCell.swift */ = {isa = PBXFileReference; lastKnownFileType = sourcecode.swift; path = MessageCell.swift; sourceTree = "<group>"; };
		7309F91E2037BFD900F70D96 /* MessageListProvider.swift */ = {isa = PBXFileReference; lastKnownFileType = sourcecode.swift; path = MessageListProvider.swift; sourceTree = "<group>"; };
		7309F9202037C0EC00F70D96 /* UIViewController+Notification.swift */ = {isa = PBXFileReference; lastKnownFileType = sourcecode.swift; path = "UIViewController+Notification.swift"; sourceTree = "<group>"; };
		7309F9222037C7FB00F70D96 /* UITableView+Scroll.swift */ = {isa = PBXFileReference; lastKnownFileType = sourcecode.swift; path = "UITableView+Scroll.swift"; sourceTree = "<group>"; };
		7309F9252037D0AA00F70D96 /* MessageDaoTests.swift */ = {isa = PBXFileReference; lastKnownFileType = sourcecode.swift; path = MessageDaoTests.swift; sourceTree = "<group>"; };
		8D0F7D0750ACF22B8FEE92B6 /* Pods-SkillUP_15_Chat.release.xcconfig */ = {isa = PBXFileReference; includeInIndex = 1; lastKnownFileType = text.xcconfig; name = "Pods-SkillUP_15_Chat.release.xcconfig"; path = "Pods/Target Support Files/Pods-SkillUP_15_Chat/Pods-SkillUP_15_Chat.release.xcconfig"; sourceTree = "<group>"; };
		BD43CF3E333E9457C3846A28 /* Pods_SkillUP_15_Chat.framework */ = {isa = PBXFileReference; explicitFileType = wrapper.framework; includeInIndex = 0; path = Pods_SkillUP_15_Chat.framework; sourceTree = BUILT_PRODUCTS_DIR; };
		D1E2762395903B32FEC46955 /* Pods_SkillUP_15_ChatTests.framework */ = {isa = PBXFileReference; explicitFileType = wrapper.framework; includeInIndex = 0; path = Pods_SkillUP_15_ChatTests.framework; sourceTree = BUILT_PRODUCTS_DIR; };
		E228BA1AA07D4C0FE807C3E5 /* Pods-SkillUP_15_ChatTests.debug.xcconfig */ = {isa = PBXFileReference; includeInIndex = 1; lastKnownFileType = text.xcconfig; name = "Pods-SkillUP_15_ChatTests.debug.xcconfig"; path = "Pods/Target Support Files/Pods-SkillUP_15_ChatTests/Pods-SkillUP_15_ChatTests.debug.xcconfig"; sourceTree = "<group>"; };
/* End PBXFileReference section */

/* Begin PBXFrameworksBuildPhase section */
		7309F8D52037B82300F70D96 /* Frameworks */ = {
			isa = PBXFrameworksBuildPhase;
			buildActionMask = 2147483647;
			files = (
				2A5AB25ABBD32D867F270E6F /* Pods_SkillUP_15_Chat.framework in Frameworks */,
			);
			runOnlyForDeploymentPostprocessing = 0;
		};
		7309F8E92037B82300F70D96 /* Frameworks */ = {
			isa = PBXFrameworksBuildPhase;
			buildActionMask = 2147483647;
			files = (
				EE2F50050C7CE46A4859C040 /* Pods_SkillUP_15_ChatTests.framework in Frameworks */,
			);
			runOnlyForDeploymentPostprocessing = 0;
		};
/* End PBXFrameworksBuildPhase section */

/* Begin PBXGroup section */
		1EC396EFA2BAB42A6154693F /* Frameworks */ = {
			isa = PBXGroup;
			children = (
				BD43CF3E333E9457C3846A28 /* Pods_SkillUP_15_Chat.framework */,
				D1E2762395903B32FEC46955 /* Pods_SkillUP_15_ChatTests.framework */,
			);
			name = Frameworks;
			sourceTree = "<group>";
		};
		63814034D0CD7E6BDFABD8CE /* Pods */ = {
			isa = PBXGroup;
			children = (
				3EA6CB442ABAF6CE862D4F2E /* Pods-SkillUP_15_Chat.debug.xcconfig */,
				8D0F7D0750ACF22B8FEE92B6 /* Pods-SkillUP_15_Chat.release.xcconfig */,
				E228BA1AA07D4C0FE807C3E5 /* Pods-SkillUP_15_ChatTests.debug.xcconfig */,
				0E72EDD57D63609247E68A02 /* Pods-SkillUP_15_ChatTests.release.xcconfig */,
			);
			name = Pods;
			sourceTree = "<group>";
		};
		7309F8CF2037B82300F70D96 = {
			isa = PBXGroup;
			children = (
				7309F8DA2037B82300F70D96 /* SkillUP_15_Chat */,
				7309F8EF2037B82300F70D96 /* SkillUP_15_ChatTests */,
				7309F8D92037B82300F70D96 /* Products */,
				63814034D0CD7E6BDFABD8CE /* Pods */,
				1EC396EFA2BAB42A6154693F /* Frameworks */,
			);
			sourceTree = "<group>";
		};
		7309F8D92037B82300F70D96 /* Products */ = {
			isa = PBXGroup;
			children = (
				7309F8D82037B82300F70D96 /* SkillUP_15_Chat.app */,
				7309F8EC2037B82300F70D96 /* SkillUP_15_ChatTests.xctest */,
			);
			name = Products;
			sourceTree = "<group>";
		};
		7309F8DA2037B82300F70D96 /* SkillUP_15_Chat */ = {
			isa = PBXGroup;
			children = (
				7309F90A2037BE6500F70D96 /* Extensions */,
				7309F8FF2037BC8B00F70D96 /* Helpers */,
				7309F8FE2037BC7B00F70D96 /* Others */,
				7309F8FD2037BC7000F70D96 /* Controllers */,
				7309F8FC2037BC6300F70D96 /* Models */,
				7309F8FB2037BC5A00F70D96 /* Views */,
			);
			path = SkillUP_15_Chat;
			sourceTree = "<group>";
		};
		7309F8EF2037B82300F70D96 /* SkillUP_15_ChatTests */ = {
			isa = PBXGroup;
			children = (
				7309F9242037C89D00F70D96 /* Models */,
				7309F8F02037B82300F70D96 /* SkillUP_15_ChatTests.swift */,
				7309F8F22037B82300F70D96 /* Info.plist */,
			);
			path = SkillUP_15_ChatTests;
			sourceTree = "<group>";
		};
		7309F8FB2037BC5A00F70D96 /* Views */ = {
			isa = PBXGroup;
			children = (
				7309F91C2037BFA700F70D96 /* MessageCell.swift */,
				7309F91E2037BFD900F70D96 /* MessageListProvider.swift */,
			);
			path = Views;
			sourceTree = "<group>";
		};
		7309F8FC2037BC6300F70D96 /* Models */ = {
			isa = PBXGroup;
			children = (
				7309F9062037BDE800F70D96 /* MessageDao.swift */,
				7309F9082037BE1900F70D96 /* Message.swift */,
			);
			path = Models;
			sourceTree = "<group>";
		};
		7309F8FD2037BC7000F70D96 /* Controllers */ = {
			isa = PBXGroup;
			children = (
				7309F9032037BD8400F70D96 /* Startup */,
				7309F9022037BD7500F70D96 /* MessageList */,
			);
			path = Controllers;
			sourceTree = "<group>";
		};
		7309F8FE2037BC7B00F70D96 /* Others */ = {
			isa = PBXGroup;
			children = (
				7309F8DB2037B82300F70D96 /* AppDelegate.swift */,
				7309F8E22037B82300F70D96 /* Assets.xcassets */,
				7309F8E72037B82300F70D96 /* Info.plist */,
			);
			path = Others;
			sourceTree = "<group>";
		};
		7309F8FF2037BC8B00F70D96 /* Helpers */ = {
			isa = PBXGroup;
			children = (
				7309F9182037BF2D00F70D96 /* RealmDaoHelper.swift */,
				7309F91A2037BF6600F70D96 /* LabelEdgeInsets.swift */,
			);
			path = Helpers;
			sourceTree = "<group>";
		};
		7309F9022037BD7500F70D96 /* MessageList */ = {
			isa = PBXGroup;
			children = (
				7309F9002037BD0C00F70D96 /* MessageListViewController.swift */,
				7309F9042037BDA500F70D96 /* MessageListViewController.storyboard */,
			);
			path = MessageList;
			sourceTree = "<group>";
		};
		7309F9032037BD8400F70D96 /* Startup */ = {
			isa = PBXGroup;
			children = (
				7309F8E42037B82300F70D96 /* LaunchScreen.storyboard */,
			);
			path = Startup;
			sourceTree = "<group>";
		};
		7309F90A2037BE6500F70D96 /* Extensions */ = {
			isa = PBXGroup;
			children = (
				7309F9122037BECE00F70D96 /* Foundation */,
				7309F90B2037BE7100F70D96 /* UIKit */,
			);
			path = Extensions;
			sourceTree = "<group>";
		};
		7309F90B2037BE7100F70D96 /* UIKit */ = {
			isa = PBXGroup;
			children = (
				7309F90C2037BE8300F70D96 /* UIView+Border.swift */,
				7309F90E2037BE9B00F70D96 /* UITableView+TouchEvent.swift */,
				7309F9202037C0EC00F70D96 /* UIViewController+Notification.swift */,
				7309F9222037C7FB00F70D96 /* UITableView+Scroll.swift */,
			);
			path = UIKit;
			sourceTree = "<group>";
		};
		7309F9122037BECE00F70D96 /* Foundation */ = {
			isa = PBXGroup;
			children = (
				7309F9142037BEE500F70D96 /* Date+Now.swift */,
				7309F9162037BF0500F70D96 /* Date+ToString.swift */,
			);
			path = Foundation;
			sourceTree = "<group>";
		};
		7309F9242037C89D00F70D96 /* Models */ = {
			isa = PBXGroup;
			children = (
				7309F9252037D0AA00F70D96 /* MessageDaoTests.swift */,
			);
			path = Models;
			sourceTree = "<group>";
		};
/* End PBXGroup section */

/* Begin PBXNativeTarget section */
		7309F8D72037B82300F70D96 /* SkillUP_15_Chat */ = {
			isa = PBXNativeTarget;
			buildConfigurationList = 7309F8F52037B82300F70D96 /* Build configuration list for PBXNativeTarget "SkillUP_15_Chat" */;
			buildPhases = (
				687A710BB501E3DC1036AE58 /* [CP] Check Pods Manifest.lock */,
				7309F8D42037B82300F70D96 /* Sources */,
				7309F8D52037B82300F70D96 /* Frameworks */,
				7309F8D62037B82300F70D96 /* Resources */,
				9825BC8EE54295079E7CE5D9 /* [CP] Embed Pods Frameworks */,
			);
			buildRules = (
			);
			dependencies = (
			);
			name = SkillUP_15_Chat;
			productName = SkillUP_15_Chat;
			productReference = 7309F8D82037B82300F70D96 /* SkillUP_15_Chat.app */;
			productType = "com.apple.product-type.application";
		};
		7309F8EB2037B82300F70D96 /* SkillUP_15_ChatTests */ = {
			isa = PBXNativeTarget;
			buildConfigurationList = 7309F8F82037B82300F70D96 /* Build configuration list for PBXNativeTarget "SkillUP_15_ChatTests" */;
			buildPhases = (
				72468E4B309FE9E8DE94861E /* [CP] Check Pods Manifest.lock */,
				7309F8E82037B82300F70D96 /* Sources */,
				7309F8E92037B82300F70D96 /* Frameworks */,
				7309F8EA2037B82300F70D96 /* Resources */,
			);
			buildRules = (
			);
			dependencies = (
				7309F8EE2037B82300F70D96 /* PBXTargetDependency */,
			);
			name = SkillUP_15_ChatTests;
			productName = SkillUP_15_ChatTests;
			productReference = 7309F8EC2037B82300F70D96 /* SkillUP_15_ChatTests.xctest */;
			productType = "com.apple.product-type.bundle.unit-test";
		};
/* End PBXNativeTarget section */

/* Begin PBXProject section */
		7309F8D02037B82300F70D96 /* Project object */ = {
			isa = PBXProject;
			attributes = {
				LastSwiftUpdateCheck = 0920;
				LastUpgradeCheck = 0920;
				ORGANIZATIONNAME = y.honda;
				TargetAttributes = {
					7309F8D72037B82300F70D96 = {
						CreatedOnToolsVersion = 9.2;
						ProvisioningStyle = Automatic;
					};
					7309F8EB2037B82300F70D96 = {
						CreatedOnToolsVersion = 9.2;
						ProvisioningStyle = Automatic;
						TestTargetID = 7309F8D72037B82300F70D96;
					};
				};
			};
			buildConfigurationList = 7309F8D32037B82300F70D96 /* Build configuration list for PBXProject "SkillUP_15_Chat" */;
			compatibilityVersion = "Xcode 8.0";
			developmentRegion = en;
			hasScannedForEncodings = 0;
			knownRegions = (
				en,
				Base,
			);
			mainGroup = 7309F8CF2037B82300F70D96;
			productRefGroup = 7309F8D92037B82300F70D96 /* Products */;
			projectDirPath = "";
			projectRoot = "";
			targets = (
				7309F8D72037B82300F70D96 /* SkillUP_15_Chat */,
				7309F8EB2037B82300F70D96 /* SkillUP_15_ChatTests */,
			);
		};
/* End PBXProject section */

/* Begin PBXResourcesBuildPhase section */
		7309F8D62037B82300F70D96 /* Resources */ = {
			isa = PBXResourcesBuildPhase;
			buildActionMask = 2147483647;
			files = (
				7309F8E62037B82300F70D96 /* LaunchScreen.storyboard in Resources */,
				7309F9052037BDA500F70D96 /* MessageListViewController.storyboard in Resources */,
				7309F8E32037B82300F70D96 /* Assets.xcassets in Resources */,
			);
			runOnlyForDeploymentPostprocessing = 0;
		};
		7309F8EA2037B82300F70D96 /* Resources */ = {
			isa = PBXResourcesBuildPhase;
			buildActionMask = 2147483647;
			files = (
			);
			runOnlyForDeploymentPostprocessing = 0;
		};
/* End PBXResourcesBuildPhase section */

/* Begin PBXShellScriptBuildPhase section */
		687A710BB501E3DC1036AE58 /* [CP] Check Pods Manifest.lock */ = {
			isa = PBXShellScriptBuildPhase;
			buildActionMask = 2147483647;
			files = (
			);
			inputPaths = (
				"${PODS_PODFILE_DIR_PATH}/Podfile.lock",
				"${PODS_ROOT}/Manifest.lock",
			);
			name = "[CP] Check Pods Manifest.lock";
			outputPaths = (
				"$(DERIVED_FILE_DIR)/Pods-SkillUP_15_Chat-checkManifestLockResult.txt",
			);
			runOnlyForDeploymentPostprocessing = 0;
			shellPath = /bin/sh;
			shellScript = "diff \"${PODS_PODFILE_DIR_PATH}/Podfile.lock\" \"${PODS_ROOT}/Manifest.lock\" > /dev/null\nif [ $? != 0 ] ; then\n    # print error to STDERR\n    echo \"error: The sandbox is not in sync with the Podfile.lock. Run 'pod install' or update your CocoaPods installation.\" >&2\n    exit 1\nfi\n# This output is used by Xcode 'outputs' to avoid re-running this script phase.\necho \"SUCCESS\" > \"${SCRIPT_OUTPUT_FILE_0}\"\n";
			showEnvVarsInLog = 0;
		};
		72468E4B309FE9E8DE94861E /* [CP] Check Pods Manifest.lock */ = {
			isa = PBXShellScriptBuildPhase;
			buildActionMask = 2147483647;
			files = (
			);
			inputPaths = (
				"${PODS_PODFILE_DIR_PATH}/Podfile.lock",
				"${PODS_ROOT}/Manifest.lock",
			);
			name = "[CP] Check Pods Manifest.lock";
			outputPaths = (
				"$(DERIVED_FILE_DIR)/Pods-SkillUP_15_ChatTests-checkManifestLockResult.txt",
			);
			runOnlyForDeploymentPostprocessing = 0;
			shellPath = /bin/sh;
			shellScript = "diff \"${PODS_PODFILE_DIR_PATH}/Podfile.lock\" \"${PODS_ROOT}/Manifest.lock\" > /dev/null\nif [ $? != 0 ] ; then\n    # print error to STDERR\n    echo \"error: The sandbox is not in sync with the Podfile.lock. Run 'pod install' or update your CocoaPods installation.\" >&2\n    exit 1\nfi\n# This output is used by Xcode 'outputs' to avoid re-running this script phase.\necho \"SUCCESS\" > \"${SCRIPT_OUTPUT_FILE_0}\"\n";
			showEnvVarsInLog = 0;
		};
		9825BC8EE54295079E7CE5D9 /* [CP] Embed Pods Frameworks */ = {
			isa = PBXShellScriptBuildPhase;
			buildActionMask = 2147483647;
			files = (
			);
			inputPaths = (
				"${SRCROOT}/Pods/Target Support Files/Pods-SkillUP_15_Chat/Pods-SkillUP_15_Chat-frameworks.sh",
				"${BUILT_PRODUCTS_DIR}/Realm/Realm.framework",
				"${BUILT_PRODUCTS_DIR}/RealmSwift/RealmSwift.framework",
			);
			name = "[CP] Embed Pods Frameworks";
			outputPaths = (
				"${TARGET_BUILD_DIR}/${FRAMEWORKS_FOLDER_PATH}/Realm.framework",
				"${TARGET_BUILD_DIR}/${FRAMEWORKS_FOLDER_PATH}/RealmSwift.framework",
			);
			runOnlyForDeploymentPostprocessing = 0;
			shellPath = /bin/sh;
			shellScript = "\"${SRCROOT}/Pods/Target Support Files/Pods-SkillUP_15_Chat/Pods-SkillUP_15_Chat-frameworks.sh\"\n";
			showEnvVarsInLog = 0;
		};
/* End PBXShellScriptBuildPhase section */

/* Begin PBXSourcesBuildPhase section */
		7309F8D42037B82300F70D96 /* Sources */ = {
			isa = PBXSourcesBuildPhase;
			buildActionMask = 2147483647;
			files = (
				7309F91D2037BFA700F70D96 /* MessageCell.swift in Sources */,
				7309F9012037BD0C00F70D96 /* MessageListViewController.swift in Sources */,
				7309F9092037BE1900F70D96 /* Message.swift in Sources */,
				7309F9072037BDE800F70D96 /* MessageDao.swift in Sources */,
				7309F90D2037BE8300F70D96 /* UIView+Border.swift in Sources */,
				7309F90F2037BE9B00F70D96 /* UITableView+TouchEvent.swift in Sources */,
				7309F91B2037BF6600F70D96 /* LabelEdgeInsets.swift in Sources */,
				7309F9192037BF2D00F70D96 /* RealmDaoHelper.swift in Sources */,
				7309F9212037C0EC00F70D96 /* UIViewController+Notification.swift in Sources */,
				7309F91F2037BFD900F70D96 /* MessageListProvider.swift in Sources */,
				7309F8DC2037B82300F70D96 /* AppDelegate.swift in Sources */,
				7309F9152037BEE500F70D96 /* Date+Now.swift in Sources */,
				7309F9232037C7FB00F70D96 /* UITableView+Scroll.swift in Sources */,
				7309F9172037BF0500F70D96 /* Date+ToString.swift in Sources */,
			);
			runOnlyForDeploymentPostprocessing = 0;
		};
		7309F8E82037B82300F70D96 /* Sources */ = {
			isa = PBXSourcesBuildPhase;
			buildActionMask = 2147483647;
			files = (
				7309F9262037D0AA00F70D96 /* MessageDaoTests.swift in Sources */,
				7309F8F12037B82300F70D96 /* SkillUP_15_ChatTests.swift in Sources */,
			);
			runOnlyForDeploymentPostprocessing = 0;
		};
/* End PBXSourcesBuildPhase section */

/* Begin PBXTargetDependency section */
		7309F8EE2037B82300F70D96 /* PBXTargetDependency */ = {
			isa = PBXTargetDependency;
			target = 7309F8D72037B82300F70D96 /* SkillUP_15_Chat */;
			targetProxy = 7309F8ED2037B82300F70D96 /* PBXContainerItemProxy */;
		};
/* End PBXTargetDependency section */

/* Begin PBXVariantGroup section */
		7309F8E42037B82300F70D96 /* LaunchScreen.storyboard */ = {
			isa = PBXVariantGroup;
			children = (
				7309F8E52037B82300F70D96 /* Base */,
			);
			name = LaunchScreen.storyboard;
			sourceTree = "<group>";
		};
/* End PBXVariantGroup section */

/* Begin XCBuildConfiguration section */
		7309F8F32037B82300F70D96 /* Debug */ = {
			isa = XCBuildConfiguration;
			buildSettings = {
				ALWAYS_SEARCH_USER_PATHS = NO;
				CLANG_ANALYZER_NONNULL = YES;
				CLANG_ANALYZER_NUMBER_OBJECT_CONVERSION = YES_AGGRESSIVE;
				CLANG_CXX_LANGUAGE_STANDARD = "gnu++14";
				CLANG_CXX_LIBRARY = "libc++";
				CLANG_ENABLE_MODULES = YES;
				CLANG_ENABLE_OBJC_ARC = YES;
				CLANG_WARN_BLOCK_CAPTURE_AUTORELEASING = YES;
				CLANG_WARN_BOOL_CONVERSION = YES;
				CLANG_WARN_COMMA = YES;
				CLANG_WARN_CONSTANT_CONVERSION = YES;
				CLANG_WARN_DIRECT_OBJC_ISA_USAGE = YES_ERROR;
				CLANG_WARN_DOCUMENTATION_COMMENTS = YES;
				CLANG_WARN_EMPTY_BODY = YES;
				CLANG_WARN_ENUM_CONVERSION = YES;
				CLANG_WARN_INFINITE_RECURSION = YES;
				CLANG_WARN_INT_CONVERSION = YES;
				CLANG_WARN_NON_LITERAL_NULL_CONVERSION = YES;
				CLANG_WARN_OBJC_LITERAL_CONVERSION = YES;
				CLANG_WARN_OBJC_ROOT_CLASS = YES_ERROR;
				CLANG_WARN_RANGE_LOOP_ANALYSIS = YES;
				CLANG_WARN_STRICT_PROTOTYPES = YES;
				CLANG_WARN_SUSPICIOUS_MOVE = YES;
				CLANG_WARN_UNGUARDED_AVAILABILITY = YES_AGGRESSIVE;
				CLANG_WARN_UNREACHABLE_CODE = YES;
				CLANG_WARN__DUPLICATE_METHOD_MATCH = YES;
				CODE_SIGN_IDENTITY = "iPhone Developer";
				COPY_PHASE_STRIP = NO;
				DEBUG_INFORMATION_FORMAT = dwarf;
				ENABLE_STRICT_OBJC_MSGSEND = YES;
				ENABLE_TESTABILITY = YES;
				GCC_C_LANGUAGE_STANDARD = gnu11;
				GCC_DYNAMIC_NO_PIC = NO;
				GCC_NO_COMMON_BLOCKS = YES;
				GCC_OPTIMIZATION_LEVEL = 0;
				GCC_PREPROCESSOR_DEFINITIONS = (
					"DEBUG=1",
					"$(inherited)",
				);
				GCC_WARN_64_TO_32_BIT_CONVERSION = YES;
				GCC_WARN_ABOUT_RETURN_TYPE = YES_ERROR;
				GCC_WARN_UNDECLARED_SELECTOR = YES;
				GCC_WARN_UNINITIALIZED_AUTOS = YES_AGGRESSIVE;
				GCC_WARN_UNUSED_FUNCTION = YES;
				GCC_WARN_UNUSED_VARIABLE = YES;
				IPHONEOS_DEPLOYMENT_TARGET = 11.2;
				MTL_ENABLE_DEBUG_INFO = YES;
				ONLY_ACTIVE_ARCH = YES;
				SDKROOT = iphoneos;
				SWIFT_ACTIVE_COMPILATION_CONDITIONS = DEBUG;
				SWIFT_OPTIMIZATION_LEVEL = "-Onone";
			};
			name = Debug;
		};
		7309F8F42037B82300F70D96 /* Release */ = {
			isa = XCBuildConfiguration;
			buildSettings = {
				ALWAYS_SEARCH_USER_PATHS = NO;
				CLANG_ANALYZER_NONNULL = YES;
				CLANG_ANALYZER_NUMBER_OBJECT_CONVERSION = YES_AGGRESSIVE;
				CLANG_CXX_LANGUAGE_STANDARD = "gnu++14";
				CLANG_CXX_LIBRARY = "libc++";
				CLANG_ENABLE_MODULES = YES;
				CLANG_ENABLE_OBJC_ARC = YES;
				CLANG_WARN_BLOCK_CAPTURE_AUTORELEASING = YES;
				CLANG_WARN_BOOL_CONVERSION = YES;
				CLANG_WARN_COMMA = YES;
				CLANG_WARN_CONSTANT_CONVERSION = YES;
				CLANG_WARN_DIRECT_OBJC_ISA_USAGE = YES_ERROR;
				CLANG_WARN_DOCUMENTATION_COMMENTS = YES;
				CLANG_WARN_EMPTY_BODY = YES;
				CLANG_WARN_ENUM_CONVERSION = YES;
				CLANG_WARN_INFINITE_RECURSION = YES;
				CLANG_WARN_INT_CONVERSION = YES;
				CLANG_WARN_NON_LITERAL_NULL_CONVERSION = YES;
				CLANG_WARN_OBJC_LITERAL_CONVERSION = YES;
				CLANG_WARN_OBJC_ROOT_CLASS = YES_ERROR;
				CLANG_WARN_RANGE_LOOP_ANALYSIS = YES;
				CLANG_WARN_STRICT_PROTOTYPES = YES;
				CLANG_WARN_SUSPICIOUS_MOVE = YES;
				CLANG_WARN_UNGUARDED_AVAILABILITY = YES_AGGRESSIVE;
				CLANG_WARN_UNREACHABLE_CODE = YES;
				CLANG_WARN__DUPLICATE_METHOD_MATCH = YES;
				CODE_SIGN_IDENTITY = "iPhone Developer";
				COPY_PHASE_STRIP = NO;
				DEBUG_INFORMATION_FORMAT = "dwarf-with-dsym";
				ENABLE_NS_ASSERTIONS = NO;
				ENABLE_STRICT_OBJC_MSGSEND = YES;
				GCC_C_LANGUAGE_STANDARD = gnu11;
				GCC_NO_COMMON_BLOCKS = YES;
				GCC_WARN_64_TO_32_BIT_CONVERSION = YES;
				GCC_WARN_ABOUT_RETURN_TYPE = YES_ERROR;
				GCC_WARN_UNDECLARED_SELECTOR = YES;
				GCC_WARN_UNINITIALIZED_AUTOS = YES_AGGRESSIVE;
				GCC_WARN_UNUSED_FUNCTION = YES;
				GCC_WARN_UNUSED_VARIABLE = YES;
				IPHONEOS_DEPLOYMENT_TARGET = 11.2;
				MTL_ENABLE_DEBUG_INFO = NO;
				SDKROOT = iphoneos;
				SWIFT_OPTIMIZATION_LEVEL = "-Owholemodule";
				VALIDATE_PRODUCT = YES;
			};
			name = Release;
		};
		7309F8F62037B82300F70D96 /* Debug */ = {
			isa = XCBuildConfiguration;
			baseConfigurationReference = 3EA6CB442ABAF6CE862D4F2E /* Pods-SkillUP_15_Chat.debug.xcconfig */;
			buildSettings = {
				ASSETCATALOG_COMPILER_APPICON_NAME = AppIcon;
				CODE_SIGN_STYLE = Automatic;
				DEVELOPMENT_TEAM = K39Y69XKSM;
				INFOPLIST_FILE = "$(SRCROOT)/SkillUP_15_Chat/Others/Info.plist";
				LD_RUNPATH_SEARCH_PATHS = "$(inherited) @executable_path/Frameworks";
				PRODUCT_BUNDLE_IDENTIFIER = "jp.st-ventures.SkillUP-15-Chat";
				PRODUCT_NAME = "$(TARGET_NAME)";
				SWIFT_VERSION = 4.0;
				TARGETED_DEVICE_FAMILY = "1,2";
			};
			name = Debug;
		};
		7309F8F72037B82300F70D96 /* Release */ = {
			isa = XCBuildConfiguration;
			baseConfigurationReference = 8D0F7D0750ACF22B8FEE92B6 /* Pods-SkillUP_15_Chat.release.xcconfig */;
			buildSettings = {
				ASSETCATALOG_COMPILER_APPICON_NAME = AppIcon;
				CODE_SIGN_STYLE = Automatic;
				DEVELOPMENT_TEAM = K39Y69XKSM;
				INFOPLIST_FILE = "$(SRCROOT)/SkillUP_15_Chat/Others/Info.plist";
				LD_RUNPATH_SEARCH_PATHS = "$(inherited) @executable_path/Frameworks";
				PRODUCT_BUNDLE_IDENTIFIER = "jp.st-ventures.SkillUP-15-Chat";
				PRODUCT_NAME = "$(TARGET_NAME)";
				SWIFT_VERSION = 4.0;
				TARGETED_DEVICE_FAMILY = "1,2";
			};
			name = Release;
		};
		7309F8F92037B82300F70D96 /* Debug */ = {
			isa = XCBuildConfiguration;
			baseConfigurationReference = E228BA1AA07D4C0FE807C3E5 /* Pods-SkillUP_15_ChatTests.debug.xcconfig */;
			buildSettings = {
				ALWAYS_EMBED_SWIFT_STANDARD_LIBRARIES = YES;
				BUNDLE_LOADER = "$(TEST_HOST)";
				CODE_SIGN_STYLE = Automatic;
				DEVELOPMENT_TEAM = K39Y69XKSM;
				INFOPLIST_FILE = SkillUP_15_ChatTests/Info.plist;
				LD_RUNPATH_SEARCH_PATHS = "$(inherited) @executable_path/Frameworks @loader_path/Frameworks";
				PRODUCT_BUNDLE_IDENTIFIER = "jp.st-ventures.SkillUP-15-ChatTests";
				PRODUCT_NAME = "$(TARGET_NAME)";
				SWIFT_VERSION = 4.0;
				TARGETED_DEVICE_FAMILY = "1,2";
				TEST_HOST = "$(BUILT_PRODUCTS_DIR)/SkillUP_15_Chat.app/SkillUP_15_Chat";
			};
			name = Debug;
		};
		7309F8FA2037B82300F70D96 /* Release */ = {
			isa = XCBuildConfiguration;
			baseConfigurationReference = 0E72EDD57D63609247E68A02 /* Pods-SkillUP_15_ChatTests.release.xcconfig */;
			buildSettings = {
				ALWAYS_EMBED_SWIFT_STANDARD_LIBRARIES = YES;
				BUNDLE_LOADER = "$(TEST_HOST)";
				CODE_SIGN_STYLE = Automatic;
				DEVELOPMENT_TEAM = K39Y69XKSM;
				INFOPLIST_FILE = SkillUP_15_ChatTests/Info.plist;
				LD_RUNPATH_SEARCH_PATHS = "$(inherited) @executable_path/Frameworks @loader_path/Frameworks";
				PRODUCT_BUNDLE_IDENTIFIER = "jp.st-ventures.SkillUP-15-ChatTests";
				PRODUCT_NAME = "$(TARGET_NAME)";
				SWIFT_VERSION = 4.0;
				TARGETED_DEVICE_FAMILY = "1,2";
				TEST_HOST = "$(BUILT_PRODUCTS_DIR)/SkillUP_15_Chat.app/SkillUP_15_Chat";
			};
			name = Release;
		};
/* End XCBuildConfiguration section */

/* Begin XCConfigurationList section */
		7309F8D32037B82300F70D96 /* Build configuration list for PBXProject "SkillUP_15_Chat" */ = {
			isa = XCConfigurationList;
			buildConfigurations = (
				7309F8F32037B82300F70D96 /* Debug */,
				7309F8F42037B82300F70D96 /* Release */,
			);
			defaultConfigurationIsVisible = 0;
			defaultConfigurationName = Release;
		};
		7309F8F52037B82300F70D96 /* Build configuration list for PBXNativeTarget "SkillUP_15_Chat" */ = {
			isa = XCConfigurationList;
			buildConfigurations = (
				7309F8F62037B82300F70D96 /* Debug */,
				7309F8F72037B82300F70D96 /* Release */,
			);
			defaultConfigurationIsVisible = 0;
			defaultConfigurationName = Release;
		};
		7309F8F82037B82300F70D96 /* Build configuration list for PBXNativeTarget "SkillUP_15_ChatTests" */ = {
			isa = XCConfigurationList;
			buildConfigurations = (
				7309F8F92037B82300F70D96 /* Debug */,
				7309F8FA2037B82300F70D96 /* Release */,
			);
			defaultConfigurationIsVisible = 0;
			defaultConfigurationName = Release;
		};
/* End XCConfigurationList section */
	};
	rootObject = 7309F8D02037B82300F70D96 /* Project object */;
}
